# THIS IS AN AUTOGENERATED FILE. DO NOT EDIT THIS FILE DIRECTLY.
# yarn lockfile v1


"@rails/ujs@^7.1.3-4":
  version "7.1.3-4"
  resolved "https://registry.npmjs.org/@rails/ujs/-/ujs-7.1.3-4.tgz"
  integrity sha512-z0ckI5jrAJfImcObjMT1RBz2IxH6I5q6ZTMFex6AfxSQKZuuL8JxAXvg2CvBuodGCxKvybFVolDyMHXlBLeYAA==
